
Microsoft Visual Studio Solution File, Format Version 12.00
# Visual Studio Version 16
VisualStudioVersion = 16.0.30717.126
MinimumVisualStudioVersion = 10.0.40219.1
Project("{FAE04EC0-301F-11D3-BF4B-00C04F79EFBC}") = "OutOfLensWebsite", "OutOfLensWebsite\OutOfLensWebsite.csproj", "{7665B970-E016-4FAF-A81D-D7F0CDC271E8}"
EndProject
Global
	GlobalSection(SolutionConfigurationPlatforms) = preSolution
		Debug|Any CPU = Debug|Any CPU
		Release|Any CPU = Release|Any CPU
	EndGlobalSection
	GlobalSection(ProjectConfigurationPlatforms) = postSolution
		{7665B970-E016-4FAF-A81D-D7F0CDC271E8}.Debug|Any CPU.ActiveCfg = Debug|Any CPU
		{7665B970-E016-4FAF-A81D-D7F0CDC271E8}.Debug|Any CPU.Build.0 = Debug|Any CPU
		{7665B970-E016-4FAF-A81D-D7F0CDC271E8}.Release|Any CPU.ActiveCfg = Release|Any CPU
		{7665B970-E016-4FAF-A81D-D7F0CDC271E8}.Release|Any CPU.Build.0 = Release|Any CPU
	EndGlobalSection
	GlobalSection(SolutionProperties) = preSolution
		HideSolutionNode = FALSE
	EndGlobalSection
	GlobalSection(ExtensibilityGlobals) = postSolution
		SolutionGuid = {1392A45C-D70E-4F84-A247-8EE2D5F61165}
	EndGlobalSection
EndGlobal
